
Microsoft Visual Studio Solution File, Format Version 12.00
# Visual Studio 2017
Project("{FAE04EC0-301F-11D3-BF4B-00C04F79EFBC}") = "Best_Space_DancingMachine", "Best_Space_DancingMachine.csproj", "{88ACA7F1-3DC9-0968-28E7-AF6A83EF1749}"
EndProject
Project("{FAE04EC0-301F-11D3-BF4B-00C04F79EFBC}") = "Best_Space_DancingMachine.Editor", "Best_Space_DancingMachine.Editor.csproj", "{5FC66A2D-7797-6A1F-6375-F2F86D7A9742}"
EndProject
Global
	GlobalSection(SolutionConfigurationPlatforms) = preSolution
		Debug|Any CPU = Debug|Any CPU
		Release|Any CPU = Release|Any CPU
	EndGlobalSection
	GlobalSection(ProjectConfigurationPlatforms) = postSolution
		{88ACA7F1-3DC9-0968-28E7-AF6A83EF1749}.Debug|Any CPU.ActiveCfg = Debug|Any CPU
		{88ACA7F1-3DC9-0968-28E7-AF6A83EF1749}.Debug|Any CPU.Build.0 = Debug|Any CPU
		{88ACA7F1-3DC9-0968-28E7-AF6A83EF1749}.Release|Any CPU.ActiveCfg = Release|Any CPU
		{88ACA7F1-3DC9-0968-28E7-AF6A83EF1749}.Release|Any CPU.Build.0 = Release|Any CPU
		{5FC66A2D-7797-6A1F-6375-F2F86D7A9742}.Debug|Any CPU.ActiveCfg = Debug|Any CPU
		{5FC66A2D-7797-6A1F-6375-F2F86D7A9742}.Debug|Any CPU.Build.0 = Debug|Any CPU
		{5FC66A2D-7797-6A1F-6375-F2F86D7A9742}.Release|Any CPU.ActiveCfg = Release|Any CPU
		{5FC66A2D-7797-6A1F-6375-F2F86D7A9742}.Release|Any CPU.Build.0 = Release|Any CPU
	EndGlobalSection
	GlobalSection(SolutionProperties) = preSolution
		HideSolutionNode = FALSE
	EndGlobalSection
EndGlobal
